
Microsoft Visual Studio Solution File, Format Version 12.00
# Visual Studio Version 16
VisualStudioVersion = 25.0.1705.0
MinimumVisualStudioVersion = 10.0.40219.1
Project("{FAE04EC0-301F-11D3-BF4B-00C04F79EFBC}") = "Searching OMBD Lab", "Searching OMBD Lab\Searching OMBD Lab.csproj", "{D0F85B63-6453-4819-89AA-FC2F8DFBAAA0}"
EndProject
Global
	GlobalSection(SolutionConfigurationPlatforms) = preSolution
		Debug|Any CPU = Debug|Any CPU
		Release|Any CPU = Release|Any CPU
	EndGlobalSection
	GlobalSection(ProjectConfigurationPlatforms) = postSolution
		{D0F85B63-6453-4819-89AA-FC2F8DFBAAA0}.Debug|Any CPU.ActiveCfg = Debug|Any CPU
		{D0F85B63-6453-4819-89AA-FC2F8DFBAAA0}.Debug|Any CPU.Build.0 = Debug|Any CPU
		{D0F85B63-6453-4819-89AA-FC2F8DFBAAA0}.Release|Any CPU.ActiveCfg = Release|Any CPU
		{D0F85B63-6453-4819-89AA-FC2F8DFBAAA0}.Release|Any CPU.Build.0 = Release|Any CPU
	EndGlobalSection
	GlobalSection(SolutionProperties) = preSolution
		HideSolutionNode = FALSE
	EndGlobalSection
	GlobalSection(ExtensibilityGlobals) = postSolution
		SolutionGuid = {773B794F-902B-40B0-9CEE-2A35D8332D8D}
	EndGlobalSection
EndGlobal
